
Microsoft Visual Studio Solution File, Format Version 12.00
# Visual Studio Version 17
VisualStudioVersion = 17.5.002.0
MinimumVisualStudioVersion = 10.0.40219.1
Project("{9A19103F-16F7-4668-BE54-9A1E7A4F7556}") = "GrpcClientAPI", "GrpcClientAPI.csproj", "{183F7D75-21A2-4B7A-BB23-EB3A9DA7F3FD}"
EndProject
Global
	GlobalSection(SolutionConfigurationPlatforms) = preSolution
		Debug|Any CPU = Debug|Any CPU
		Release|Any CPU = Release|Any CPU
	EndGlobalSection
	GlobalSection(ProjectConfigurationPlatforms) = postSolution
		{183F7D75-21A2-4B7A-BB23-EB3A9DA7F3FD}.Debug|Any CPU.ActiveCfg = Debug|Any CPU
		{183F7D75-21A2-4B7A-BB23-EB3A9DA7F3FD}.Debug|Any CPU.Build.0 = Debug|Any CPU
		{183F7D75-21A2-4B7A-BB23-EB3A9DA7F3FD}.Release|Any CPU.ActiveCfg = Release|Any CPU
		{183F7D75-21A2-4B7A-BB23-EB3A9DA7F3FD}.Release|Any CPU.Build.0 = Release|Any CPU
	EndGlobalSection
	GlobalSection(SolutionProperties) = preSolution
		HideSolutionNode = FALSE
	EndGlobalSection
	GlobalSection(ExtensibilityGlobals) = postSolution
		SolutionGuid = {CABCD85C-62A7-4636-8DC5-50F878E07055}
	EndGlobalSection
EndGlobal
